
Microsoft Visual Studio Solution File, Format Version 12.00
# Visual Studio Version 17
VisualStudioVersion = 17.3.32929.385
MinimumVisualStudioVersion = 10.0.40219.1
Project("{FAE04EC0-301F-11D3-BF4B-00C04F79EFBC}") = "ShopsRUS.Core", "ShopsRUS.Core\ShopsRUS.Core.csproj", "{08AC2F83-15CE-49EF-8AA0-7A0F7326FFCC}"
EndProject
Project("{FAE04EC0-301F-11D3-BF4B-00C04F79EFBC}") = "ShopsRUS.DataAccess", "ShopsRUS.DataAccess\ShopsRUS.DataAccess.csproj", "{D81B4111-3475-4705-9B77-B4899AD4FC95}"
EndProject
Project("{FAE04EC0-301F-11D3-BF4B-00C04F79EFBC}") = "ShopsRUS.Business", "ShopsRUS.Business\ShopsRUS.Business.csproj", "{F6B970C9-6683-4F55-92FE-44CC2FB0991D}"
EndProject
Project("{FAE04EC0-301F-11D3-BF4B-00C04F79EFBC}") = "ShopsRUS.Api", "ShopsRUS.Api\ShopsRUS.Api.csproj", "{C0C6C264-BB15-41D2-BBB4-0D9942ECEA00}"
EndProject
Project("{FAE04EC0-301F-11D3-BF4B-00C04F79EFBC}") = "ShopsRUS.Tests", "ShopsRUS.Tests\ShopsRUS.Tests.csproj", "{173A2839-F59A-4CA1-81DE-A40B8BA23FA7}"
EndProject
Global
	GlobalSection(SolutionConfigurationPlatforms) = preSolution
		Debug|Any CPU = Debug|Any CPU
		Release|Any CPU = Release|Any CPU
	EndGlobalSection
	GlobalSection(ProjectConfigurationPlatforms) = postSolution
		{08AC2F83-15CE-49EF-8AA0-7A0F7326FFCC}.Debug|Any CPU.ActiveCfg = Debug|Any CPU
		{08AC2F83-15CE-49EF-8AA0-7A0F7326FFCC}.Debug|Any CPU.Build.0 = Debug|Any CPU
		{08AC2F83-15CE-49EF-8AA0-7A0F7326FFCC}.Release|Any CPU.ActiveCfg = Release|Any CPU
		{08AC2F83-15CE-49EF-8AA0-7A0F7326FFCC}.Release|Any CPU.Build.0 = Release|Any CPU
		{D81B4111-3475-4705-9B77-B4899AD4FC95}.Debug|Any CPU.ActiveCfg = Debug|Any CPU
		{D81B4111-3475-4705-9B77-B4899AD4FC95}.Debug|Any CPU.Build.0 = Debug|Any CPU
		{D81B4111-3475-4705-9B77-B4899AD4FC95}.Release|Any CPU.ActiveCfg = Release|Any CPU
		{D81B4111-3475-4705-9B77-B4899AD4FC95}.Release|Any CPU.Build.0 = Release|Any CPU
		{F6B970C9-6683-4F55-92FE-44CC2FB0991D}.Debug|Any CPU.ActiveCfg = Debug|Any CPU
		{F6B970C9-6683-4F55-92FE-44CC2FB0991D}.Debug|Any CPU.Build.0 = Debug|Any CPU
		{F6B970C9-6683-4F55-92FE-44CC2FB0991D}.Release|Any CPU.ActiveCfg = Release|Any CPU
		{F6B970C9-6683-4F55-92FE-44CC2FB0991D}.Release|Any CPU.Build.0 = Release|Any CPU
		{C0C6C264-BB15-41D2-BBB4-0D9942ECEA00}.Debug|Any CPU.ActiveCfg = Debug|Any CPU
		{C0C6C264-BB15-41D2-BBB4-0D9942ECEA00}.Debug|Any CPU.Build.0 = Debug|Any CPU
		{C0C6C264-BB15-41D2-BBB4-0D9942ECEA00}.Release|Any CPU.ActiveCfg = Release|Any CPU
		{C0C6C264-BB15-41D2-BBB4-0D9942ECEA00}.Release|Any CPU.Build.0 = Release|Any CPU
		{173A2839-F59A-4CA1-81DE-A40B8BA23FA7}.Debug|Any CPU.ActiveCfg = Debug|Any CPU
		{173A2839-F59A-4CA1-81DE-A40B8BA23FA7}.Debug|Any CPU.Build.0 = Debug|Any CPU
		{173A2839-F59A-4CA1-81DE-A40B8BA23FA7}.Release|Any CPU.ActiveCfg = Release|Any CPU
		{173A2839-F59A-4CA1-81DE-A40B8BA23FA7}.Release|Any CPU.Build.0 = Release|Any CPU
	EndGlobalSection
	GlobalSection(SolutionProperties) = preSolution
		HideSolutionNode = FALSE
	EndGlobalSection
	GlobalSection(ExtensibilityGlobals) = postSolution
		SolutionGuid = {CAE4BEBD-D416-40DB-881C-96C529131E3F}
	EndGlobalSection
EndGlobal
